
Microsoft Visual Studio Solution File, Format Version 12.00
# Visual Studio Version 16
VisualStudioVersion = 16.0.31624.102
MinimumVisualStudioVersion = 10.0.40219.1
Project("{FAE04EC0-301F-11D3-BF4B-00C04F79EFBC}") = "XORchephir", "XORchephir\XORchephir.csproj", "{22D539D2-CE9B-447A-8798-E3C25788909C}"
EndProject
Global
	GlobalSection(SolutionConfigurationPlatforms) = preSolution
		Debug|Any CPU = Debug|Any CPU
		Release|Any CPU = Release|Any CPU
	EndGlobalSection
	GlobalSection(ProjectConfigurationPlatforms) = postSolution
		{22D539D2-CE9B-447A-8798-E3C25788909C}.Debug|Any CPU.ActiveCfg = Debug|Any CPU
		{22D539D2-CE9B-447A-8798-E3C25788909C}.Debug|Any CPU.Build.0 = Debug|Any CPU
		{22D539D2-CE9B-447A-8798-E3C25788909C}.Release|Any CPU.ActiveCfg = Release|Any CPU
		{22D539D2-CE9B-447A-8798-E3C25788909C}.Release|Any CPU.Build.0 = Release|Any CPU
	EndGlobalSection
	GlobalSection(SolutionProperties) = preSolution
		HideSolutionNode = FALSE
	EndGlobalSection
	GlobalSection(ExtensibilityGlobals) = postSolution
		SolutionGuid = {2F34B423-9254-4AF2-8432-C8C9F320CE4F}
	EndGlobalSection
EndGlobal
